
Microsoft Visual Studio Solution File, Format Version 12.00
# Visual Studio Version 16
VisualStudioVersion = 16.0.28803.352
MinimumVisualStudioVersion = 10.0.40219.1
Project("{FAE04EC0-301F-11D3-BF4B-00C04F79EFBC}") = "FileAssoc", "FileAssoc\FileAssoc.csproj", "{48B3A247-559B-4450-9520-EAF6F4DE7720}"
EndProject
Global
	GlobalSection(SolutionConfigurationPlatforms) = preSolution
		Debug|Any CPU = Debug|Any CPU
		Release|Any CPU = Release|Any CPU
	EndGlobalSection
	GlobalSection(ProjectConfigurationPlatforms) = postSolution
		{48B3A247-559B-4450-9520-EAF6F4DE7720}.Debug|Any CPU.ActiveCfg = Debug|Any CPU
		{48B3A247-559B-4450-9520-EAF6F4DE7720}.Debug|Any CPU.Build.0 = Debug|Any CPU
		{48B3A247-559B-4450-9520-EAF6F4DE7720}.Release|Any CPU.ActiveCfg = Release|Any CPU
		{48B3A247-559B-4450-9520-EAF6F4DE7720}.Release|Any CPU.Build.0 = Release|Any CPU
	EndGlobalSection
	GlobalSection(SolutionProperties) = preSolution
		HideSolutionNode = FALSE
	EndGlobalSection
	GlobalSection(ExtensibilityGlobals) = postSolution
		SolutionGuid = {A07558F8-6673-454F-AE63-42FE477E9E25}
	EndGlobalSection
EndGlobal
