{
  "name": "doc",
  "lockfileVersion": 3,
  "requires": true,
  "packages": {
    "": {
      "dependencies": {
        "retypeapp": "^3.10.0"
      }
    },
    "node_modules/retypeapp": {
      "version": "3.10.0",
      "resolved": "https://registry.npmjs.org/retypeapp/-/retypeapp-3.10.0.tgz",
      "integrity": "sha512-HaOabpJsB23jmrm8p6NKQ1bL9wlXSXJoTEcl3okIuUv6GZh5ROQECRPxDiYiqi8VNTPhtsEHxmsHE2LQYcu2mA==",
      "license": "See LICENSE IN LICENSE",
      "bin": {
        "retype": "retype.js"
      }
    }
  }
}
